
Microsoft Visual Studio Solution File, Format Version 12.00
Project("{FAE04EC0-301F-11D3-BF4B-00C04F79EFBC}") = "GetBankAccountInfo", "GetBankAccountInfo\GetBankAccountInfo.csproj", "{CEC91AD4-93A7-4A24-BC15-4ACCA89C3F15}"
EndProject
Global
	GlobalSection(SolutionConfigurationPlatforms) = preSolution
		Debug|Any CPU = Debug|Any CPU
		Release|Any CPU = Release|Any CPU
	EndGlobalSection
	GlobalSection(ProjectConfigurationPlatforms) = postSolution
		{CEC91AD4-93A7-4A24-BC15-4ACCA89C3F15}.Debug|Any CPU.ActiveCfg = Debug|Any CPU
		{CEC91AD4-93A7-4A24-BC15-4ACCA89C3F15}.Debug|Any CPU.Build.0 = Debug|Any CPU
		{CEC91AD4-93A7-4A24-BC15-4ACCA89C3F15}.Release|Any CPU.ActiveCfg = Release|Any CPU
		{CEC91AD4-93A7-4A24-BC15-4ACCA89C3F15}.Release|Any CPU.Build.0 = Release|Any CPU
	EndGlobalSection
EndGlobal
